// !$*UTF8*$!
{
	archiveVersion = 1;
	classes = {
	};
	objectVersion = 50;
	objects = {

/* Begin PBXBuildFile section */
		28F491EC218E7A5D00B561D9 /* AppDelegate.swift in Sources */ = {isa = PBXBuildFile; fileRef = 28F491EB218E7A5D00B561D9 /* AppDelegate.swift */; };
		28F491EE218E7A5D00B561D9 /* ViewController.swift in Sources */ = {isa = PBXBuildFile; fileRef = 28F491ED218E7A5D00B561D9 /* ViewController.swift */; };
		28F491F1218E7A5D00B561D9 /* Main.storyboard in Resources */ = {isa = PBXBuildFile; fileRef = 28F491EF218E7A5D00B561D9 /* Main.storyboard */; };
		28F491F3218E7A6000B561D9 /* Assets.xcassets in Resources */ = {isa = PBXBuildFile; fileRef = 28F491F2218E7A6000B561D9 /* Assets.xcassets */; };
		28F491F6218E7A6000B561D9 /* LaunchScreen.storyboard in Resources */ = {isa = PBXBuildFile; fileRef = 28F491F4218E7A6000B561D9 /* LaunchScreen.storyboard */; };
		28F4920F218E7B4500B561D9 /* ElementSet.swift in Sources */ = {isa = PBXBuildFile; fileRef = 28F4920E218E7B4500B561D9 /* ElementSet.swift */; };
		28F49211218E88A200B561D9 /* ElementSetTests.swift in Sources */ = {isa = PBXBuildFile; fileRef = 28F49210218E88A200B561D9 /* ElementSetTests.swift */; };
		28F49214218EA0C700B561D9 /* CollectionViewCell.swift in Sources */ = {isa = PBXBuildFile; fileRef = 28F49213218EA0C700B561D9 /* CollectionViewCell.swift */; };
/* End PBXBuildFile section */

/* Begin PBXContainerItemProxy section */
		28F491FD218E7A6000B561D9 /* PBXContainerItemProxy */ = {
			isa = PBXContainerItemProxy;
			containerPortal = 28F491E0218E7A5D00B561D9 /* Project object */;
			proxyType = 1;
			remoteGlobalIDString = 28F491E7218E7A5D00B561D9;
			remoteInfo = "LLW-ELEMENT-SET";
		};
/* End PBXContainerItemProxy section */

/* Begin PBXFileReference section */
		28F491E8218E7A5D00B561D9 /* LLW-ELEMENT-SET.app */ = {isa = PBXFileReference; explicitFileType = wrapper.application; includeInIndex = 0; path = "LLW-ELEMENT-SET.app"; sourceTree = BUILT_PRODUCTS_DIR; };
		28F491EB218E7A5D00B561D9 /* AppDelegate.swift */ = {isa = PBXFileReference; lastKnownFileType = sourcecode.swift; path = AppDelegate.swift; sourceTree = "<group>"; };
		28F491ED218E7A5D00B561D9 /* ViewController.swift */ = {isa = PBXFileReference; lastKnownFileType = sourcecode.swift; path = ViewController.swift; sourceTree = "<group>"; };
		28F491F0218E7A5D00B561D9 /* Base */ = {isa = PBXFileReference; lastKnownFileType = file.storyboard; name = Base; path = Base.lproj/Main.storyboard; sourceTree = "<group>"; };
		28F491F2218E7A6000B561D9 /* Assets.xcassets */ = {isa = PBXFileReference; lastKnownFileType = folder.assetcatalog; path = Assets.xcassets; sourceTree = "<group>"; };
		28F491F5218E7A6000B561D9 /* Base */ = {isa = PBXFileReference; lastKnownFileType = file.storyboard; name = Base; path = Base.lproj/LaunchScreen.storyboard; sourceTree = "<group>"; };
		28F491F7218E7A6000B561D9 /* Info.plist */ = {isa = PBXFileReference; lastKnownFileType = text.plist.xml; path = Info.plist; sourceTree = "<group>"; };
		28F491FC218E7A6000B561D9 /* LLW-ELEMENT-SETTests.xctest */ = {isa = PBXFileReference; explicitFileType = wrapper.cfbundle; includeInIndex = 0; path = "LLW-ELEMENT-SETTests.xctest"; sourceTree = BUILT_PRODUCTS_DIR; };
		28F49202218E7A6000B561D9 /* Info.plist */ = {isa = PBXFileReference; lastKnownFileType = text.plist.xml; path = Info.plist; sourceTree = "<group>"; };
		28F4920E218E7B4500B561D9 /* ElementSet.swift */ = {isa = PBXFileReference; lastKnownFileType = sourcecode.swift; path = ElementSet.swift; sourceTree = "<group>"; };
		28F49210218E88A200B561D9 /* ElementSetTests.swift */ = {isa = PBXFileReference; lastKnownFileType = sourcecode.swift; path = ElementSetTests.swift; sourceTree = "<group>"; };
		28F49213218EA0C700B561D9 /* CollectionViewCell.swift */ = {isa = PBXFileReference; lastKnownFileType = sourcecode.swift; path = CollectionViewCell.swift; sourceTree = "<group>"; };
/* End PBXFileReference section */

/* Begin PBXFrameworksBuildPhase section */
		28F491E5218E7A5D00B561D9 /* Frameworks */ = {
			isa = PBXFrameworksBuildPhase;
			buildActionMask = 2147483647;
			files = (
			);
			runOnlyForDeploymentPostprocessing = 0;
		};
		28F491F9218E7A6000B561D9 /* Frameworks */ = {
			isa = PBXFrameworksBuildPhase;
			buildActionMask = 2147483647;
			files = (
			);
			runOnlyForDeploymentPostprocessing = 0;
		};
/* End PBXFrameworksBuildPhase section */

/* Begin PBXGroup section */
		28F491DF218E7A5D00B561D9 = {
			isa = PBXGroup;
			children = (
				28F491EA218E7A5D00B561D9 /* LLW-ELEMENT-SET */,
				28F491FF218E7A6000B561D9 /* LLW-ELEMENT-SETTests */,
				28F491E9218E7A5D00B561D9 /* Products */,
			);
			sourceTree = "<group>";
		};
		28F491E9218E7A5D00B561D9 /* Products */ = {
			isa = PBXGroup;
			children = (
				28F491E8218E7A5D00B561D9 /* LLW-ELEMENT-SET.app */,
				28F491FC218E7A6000B561D9 /* LLW-ELEMENT-SETTests.xctest */,
			);
			name = Products;
			sourceTree = "<group>";
		};
		28F491EA218E7A5D00B561D9 /* LLW-ELEMENT-SET */ = {
			isa = PBXGroup;
			children = (
				28F4920B218E7B0A00B561D9 /* Element Set */,
				28F491EB218E7A5D00B561D9 /* AppDelegate.swift */,
				28F491ED218E7A5D00B561D9 /* ViewController.swift */,
				28F491EF218E7A5D00B561D9 /* Main.storyboard */,
				28F491F2218E7A6000B561D9 /* Assets.xcassets */,
				28F491F4218E7A6000B561D9 /* LaunchScreen.storyboard */,
				28F491F7218E7A6000B561D9 /* Info.plist */,
				28F49213218EA0C700B561D9 /* CollectionViewCell.swift */,
			);
			path = "LLW-ELEMENT-SET";
			sourceTree = "<group>";
		};
		28F491FF218E7A6000B561D9 /* LLW-ELEMENT-SETTests */ = {
			isa = PBXGroup;
			children = (
				28F49210218E88A200B561D9 /* ElementSetTests.swift */,
				28F49202218E7A6000B561D9 /* Info.plist */,
			);
			path = "LLW-ELEMENT-SETTests";
			sourceTree = "<group>";
		};
		28F4920B218E7B0A00B561D9 /* Element Set */ = {
			isa = PBXGroup;
			children = (
				28F4920E218E7B4500B561D9 /* ElementSet.swift */,
			);
			path = "Element Set";
			sourceTree = "<group>";
		};
/* End PBXGroup section */

/* Begin PBXNativeTarget section */
		28F491E7218E7A5D00B561D9 /* LLW-ELEMENT-SET */ = {
			isa = PBXNativeTarget;
			buildConfigurationList = 28F49205218E7A6000B561D9 /* Build configuration list for PBXNativeTarget "LLW-ELEMENT-SET" */;
			buildPhases = (
				28F491E4218E7A5D00B561D9 /* Sources */,
				28F491E5218E7A5D00B561D9 /* Frameworks */,
				28F491E6218E7A5D00B561D9 /* Resources */,
			);
			buildRules = (
			);
			dependencies = (
			);
			name = "LLW-ELEMENT-SET";
			productName = "LLW-ELEMENT-SET";
			productReference = 28F491E8218E7A5D00B561D9 /* LLW-ELEMENT-SET.app */;
			productType = "com.apple.product-type.application";
		};
		28F491FB218E7A6000B561D9 /* LLW-ELEMENT-SETTests */ = {
			isa = PBXNativeTarget;
			buildConfigurationList = 28F49208218E7A6000B561D9 /* Build configuration list for PBXNativeTarget "LLW-ELEMENT-SETTests" */;
			buildPhases = (
				28F491F8218E7A6000B561D9 /* Sources */,
				28F491F9218E7A6000B561D9 /* Frameworks */,
				28F491FA218E7A6000B561D9 /* Resources */,
			);
			buildRules = (
			);
			dependencies = (
				28F491FE218E7A6000B561D9 /* PBXTargetDependency */,
			);
			name = "LLW-ELEMENT-SETTests";
			productName = "LLW-ELEMENT-SETTests";
			productReference = 28F491FC218E7A6000B561D9 /* LLW-ELEMENT-SETTests.xctest */;
			productType = "com.apple.product-type.bundle.unit-test";
		};
/* End PBXNativeTarget section */

/* Begin PBXProject section */
		28F491E0218E7A5D00B561D9 /* Project object */ = {
			isa = PBXProject;
			attributes = {
				LastSwiftUpdateCheck = 0930;
				LastUpgradeCheck = 0930;
				ORGANIZATIONNAME = "Eduardo Domene Junior";
				TargetAttributes = {
					28F491E7218E7A5D00B561D9 = {
						CreatedOnToolsVersion = 9.3;
					};
					28F491FB218E7A6000B561D9 = {
						CreatedOnToolsVersion = 9.3;
						TestTargetID = 28F491E7218E7A5D00B561D9;
					};
				};
			};
			buildConfigurationList = 28F491E3218E7A5D00B561D9 /* Build configuration list for PBXProject "LLW-ELEMENT-SET" */;
			compatibilityVersion = "Xcode 9.3";
			developmentRegion = en;
			hasScannedForEncodings = 0;
			knownRegions = (
				en,
				Base,
			);
			mainGroup = 28F491DF218E7A5D00B561D9;
			productRefGroup = 28F491E9218E7A5D00B561D9 /* Products */;
			projectDirPath = "";
			projectRoot = "";
			targets = (
				28F491E7218E7A5D00B561D9 /* LLW-ELEMENT-SET */,
				28F491FB218E7A6000B561D9 /* LLW-ELEMENT-SETTests */,
			);
		};
/* End PBXProject section */

/* Begin PBXResourcesBuildPhase section */
		28F491E6218E7A5D00B561D9 /* Resources */ = {
			isa = PBXResourcesBuildPhase;
			buildActionMask = 2147483647;
			files = (
				28F491F6218E7A6000B561D9 /* LaunchScreen.storyboard in Resources */,
				28F491F3218E7A6000B561D9 /* Assets.xcassets in Resources */,
				28F491F1218E7A5D00B561D9 /* Main.storyboard in Resources */,
			);
			runOnlyForDeploymentPostprocessing = 0;
		};
		28F491FA218E7A6000B561D9 /* Resources */ = {
			isa = PBXResourcesBuildPhase;
			buildActionMask = 2147483647;
			files = (
			);
			runOnlyForDeploymentPostprocessing = 0;
		};
/* End PBXResourcesBuildPhase section */

/* Begin PBXSourcesBuildPhase section */
		28F491E4218E7A5D00B561D9 /* Sources */ = {
			isa = PBXSourcesBuildPhase;
			buildActionMask = 2147483647;
			files = (
				28F4920F218E7B4500B561D9 /* ElementSet.swift in Sources */,
				28F491EE218E7A5D00B561D9 /* ViewController.swift in Sources */,
				28F49214218EA0C700B561D9 /* CollectionViewCell.swift in Sources */,
				28F491EC218E7A5D00B561D9 /* AppDelegate.swift in Sources */,
			);
			runOnlyForDeploymentPostprocessing = 0;
		};
		28F491F8218E7A6000B561D9 /* Sources */ = {
			isa = PBXSourcesBuildPhase;
			buildActionMask = 2147483647;
			files = (
				28F49211218E88A200B561D9 /* ElementSetTests.swift in Sources */,
			);
			runOnlyForDeploymentPostprocessing = 0;
		};
/* End PBXSourcesBuildPhase section */

/* Begin PBXTargetDependency section */
		28F491FE218E7A6000B561D9 /* PBXTargetDependency */ = {
			isa = PBXTargetDependency;
			target = 28F491E7218E7A5D00B561D9 /* LLW-ELEMENT-SET */;
			targetProxy = 28F491FD218E7A6000B561D9 /* PBXContainerItemProxy */;
		};
/* End PBXTargetDependency section */

/* Begin PBXVariantGroup section */
		28F491EF218E7A5D00B561D9 /* Main.storyboard */ = {
			isa = PBXVariantGroup;
			children = (
				28F491F0218E7A5D00B561D9 /* Base */,
			);
			name = Main.storyboard;
			sourceTree = "<group>";
		};
		28F491F4218E7A6000B561D9 /* LaunchScreen.storyboard */ = {
			isa = PBXVariantGroup;
			children = (
				28F491F5218E7A6000B561D9 /* Base */,
			);
			name = LaunchScreen.storyboard;
			sourceTree = "<group>";
		};
/* End PBXVariantGroup section */

/* Begin XCBuildConfiguration section */
		28F49203218E7A6000B561D9 /* Debug */ = {
			isa = XCBuildConfiguration;
			buildSettings = {
				ALWAYS_SEARCH_USER_PATHS = NO;
				CLANG_ANALYZER_NONNULL = YES;
				CLANG_ANALYZER_NUMBER_OBJECT_CONVERSION = YES_AGGRESSIVE;
				CLANG_CXX_LANGUAGE_STANDARD = "gnu++14";
				CLANG_CXX_LIBRARY = "libc++";
				CLANG_ENABLE_MODULES = YES;
				CLANG_ENABLE_OBJC_ARC = YES;
				CLANG_ENABLE_OBJC_WEAK = YES;
				CLANG_WARN_BLOCK_CAPTURE_AUTORELEASING = YES;
				CLANG_WARN_BOOL_CONVERSION = YES;
				CLANG_WARN_COMMA = YES;
				CLANG_WARN_CONSTANT_CONVERSION = YES;
				CLANG_WARN_DEPRECATED_OBJC_IMPLEMENTATIONS = YES;
				CLANG_WARN_DIRECT_OBJC_ISA_USAGE = YES_ERROR;
				CLANG_WARN_DOCUMENTATION_COMMENTS = YES;
				CLANG_WARN_EMPTY_BODY = YES;
				CLANG_WARN_ENUM_CONVERSION = YES;
				CLANG_WARN_INFINITE_RECURSION = YES;
				CLANG_WARN_INT_CONVERSION = YES;
				CLANG_WARN_NON_LITERAL_NULL_CONVERSION = YES;
				CLANG_WARN_OBJC_IMPLICIT_RETAIN_SELF = YES;
				CLANG_WARN_OBJC_LITERAL_CONVERSION = YES;
				CLANG_WARN_OBJC_ROOT_CLASS = YES_ERROR;
				CLANG_WARN_RANGE_LOOP_ANALYSIS = YES;
				CLANG_WARN_STRICT_PROTOTYPES = YES;
				CLANG_WARN_SUSPICIOUS_MOVE = YES;
				CLANG_WARN_UNGUARDED_AVAILABILITY = YES_AGGRESSIVE;
				CLANG_WARN_UNREACHABLE_CODE = YES;
				CLANG_WARN__DUPLICATE_METHOD_MATCH = YES;
				CODE_SIGN_IDENTITY = "iPhone Developer";
				COPY_PHASE_STRIP = NO;
				DEBUG_INFORMATION_FORMAT = dwarf;
				ENABLE_STRICT_OBJC_MSGSEND = YES;
				ENABLE_TESTABILITY = YES;
				GCC_C_LANGUAGE_STANDARD = gnu11;
				GCC_DYNAMIC_NO_PIC = NO;
				GCC_NO_COMMON_BLOCKS = YES;
				GCC_OPTIMIZATION_LEVEL = 0;
				GCC_PREPROCESSOR_DEFINITIONS = (
					"DEBUG=1",
					"$(inherited)",
				);
				GCC_WARN_64_TO_32_BIT_CONVERSION = YES;
				GCC_WARN_ABOUT_RETURN_TYPE = YES_ERROR;
				GCC_WARN_UNDECLARED_SELECTOR = YES;
				GCC_WARN_UNINITIALIZED_AUTOS = YES_AGGRESSIVE;
				GCC_WARN_UNUSED_FUNCTION = YES;
				GCC_WARN_UNUSED_VARIABLE = YES;
				IPHONEOS_DEPLOYMENT_TARGET = 11.3;
				MTL_ENABLE_DEBUG_INFO = YES;
				ONLY_ACTIVE_ARCH = YES;
				SDKROOT = iphoneos;
				SWIFT_ACTIVE_COMPILATION_CONDITIONS = DEBUG;
				SWIFT_OPTIMIZATION_LEVEL = "-Onone";
			};
			name = Debug;
		};
		28F49204218E7A6000B561D9 /* Release */ = {
			isa = XCBuildConfiguration;
			buildSettings = {
				ALWAYS_SEARCH_USER_PATHS = NO;
				CLANG_ANALYZER_NONNULL = YES;
				CLANG_ANALYZER_NUMBER_OBJECT_CONVERSION = YES_AGGRESSIVE;
				CLANG_CXX_LANGUAGE_STANDARD = "gnu++14";
				CLANG_CXX_LIBRARY = "libc++";
				CLANG_ENABLE_MODULES = YES;
				CLANG_ENABLE_OBJC_ARC = YES;
				CLANG_ENABLE_OBJC_WEAK = YES;
				CLANG_WARN_BLOCK_CAPTURE_AUTORELEASING = YES;
				CLANG_WARN_BOOL_CONVERSION = YES;
				CLANG_WARN_COMMA = YES;
				CLANG_WARN_CONSTANT_CONVERSION = YES;
				CLANG_WARN_DEPRECATED_OBJC_IMPLEMENTATIONS = YES;
				CLANG_WARN_DIRECT_OBJC_ISA_USAGE = YES_ERROR;
				CLANG_WARN_DOCUMENTATION_COMMENTS = YES;
				CLANG_WARN_EMPTY_BODY = YES;
				CLANG_WARN_ENUM_CONVERSION = YES;
				CLANG_WARN_INFINITE_RECURSION = YES;
				CLANG_WARN_INT_CONVERSION = YES;
				CLANG_WARN_NON_LITERAL_NULL_CONVERSION = YES;
				CLANG_WARN_OBJC_IMPLICIT_RETAIN_SELF = YES;
				CLANG_WARN_OBJC_LITERAL_CONVERSION = YES;
				CLANG_WARN_OBJC_ROOT_CLASS = YES_ERROR;
				CLANG_WARN_RANGE_LOOP_ANALYSIS = YES;
				CLANG_WARN_STRICT_PROTOTYPES = YES;
				CLANG_WARN_SUSPICIOUS_MOVE = YES;
				CLANG_WARN_UNGUARDED_AVAILABILITY = YES_AGGRESSIVE;
				CLANG_WARN_UNREACHABLE_CODE = YES;
				CLANG_WARN__DUPLICATE_METHOD_MATCH = YES;
				CODE_SIGN_IDENTITY = "iPhone Developer";
				COPY_PHASE_STRIP = NO;
				DEBUG_INFORMATION_FORMAT = "dwarf-with-dsym";
				ENABLE_NS_ASSERTIONS = NO;
				ENABLE_STRICT_OBJC_MSGSEND = YES;
				GCC_C_LANGUAGE_STANDARD = gnu11;
				GCC_NO_COMMON_BLOCKS = YES;
				GCC_WARN_64_TO_32_BIT_CONVERSION = YES;
				GCC_WARN_ABOUT_RETURN_TYPE = YES_ERROR;
				GCC_WARN_UNDECLARED_SELECTOR = YES;
				GCC_WARN_UNINITIALIZED_AUTOS = YES_AGGRESSIVE;
				GCC_WARN_UNUSED_FUNCTION = YES;
				GCC_WARN_UNUSED_VARIABLE = YES;
				IPHONEOS_DEPLOYMENT_TARGET = 11.3;
				MTL_ENABLE_DEBUG_INFO = NO;
				SDKROOT = iphoneos;
				SWIFT_COMPILATION_MODE = wholemodule;
				SWIFT_OPTIMIZATION_LEVEL = "-O";
				VALIDATE_PRODUCT = YES;
			};
			name = Release;
		};
		28F49206218E7A6000B561D9 /* Debug */ = {
			isa = XCBuildConfiguration;
			buildSettings = {
				ASSETCATALOG_COMPILER_APPICON_NAME = AppIcon;
				CODE_SIGN_STYLE = Automatic;
				DEVELOPMENT_TEAM = 6RDBHT79U2;
				INFOPLIST_FILE = "LLW-ELEMENT-SET/Info.plist";
				LD_RUNPATH_SEARCH_PATHS = (
					"$(inherited)",
					"@executable_path/Frameworks",
				);
				PRODUCT_BUNDLE_IDENTIFIER = "br.com.edudjr.LLW-ELEMENT-SET";
				PRODUCT_NAME = "$(TARGET_NAME)";
				SWIFT_VERSION = 4.0;
				TARGETED_DEVICE_FAMILY = "1,2";
			};
			name = Debug;
		};
		28F49207218E7A6000B561D9 /* Release */ = {
			isa = XCBuildConfiguration;
			buildSettings = {
				ASSETCATALOG_COMPILER_APPICON_NAME = AppIcon;
				CODE_SIGN_STYLE = Automatic;
				DEVELOPMENT_TEAM = 6RDBHT79U2;
				INFOPLIST_FILE = "LLW-ELEMENT-SET/Info.plist";
				LD_RUNPATH_SEARCH_PATHS = (
					"$(inherited)",
					"@executable_path/Frameworks",
				);
				PRODUCT_BUNDLE_IDENTIFIER = "br.com.edudjr.LLW-ELEMENT-SET";
				PRODUCT_NAME = "$(TARGET_NAME)";
				SWIFT_VERSION = 4.0;
				TARGETED_DEVICE_FAMILY = "1,2";
			};
			name = Release;
		};
		28F49209218E7A6000B561D9 /* Debug */ = {
			isa = XCBuildConfiguration;
			buildSettings = {
				ALWAYS_EMBED_SWIFT_STANDARD_LIBRARIES = YES;
				BUNDLE_LOADER = "$(TEST_HOST)";
				CODE_SIGN_STYLE = Automatic;
				DEVELOPMENT_TEAM = 6RDBHT79U2;
				INFOPLIST_FILE = "LLW-ELEMENT-SETTests/Info.plist";
				LD_RUNPATH_SEARCH_PATHS = (
					"$(inherited)",
					"@executable_path/Frameworks",
					"@loader_path/Frameworks",
				);
				PRODUCT_BUNDLE_IDENTIFIER = "br.com.edudjr.LLW-ELEMENT-SETTests";
				PRODUCT_NAME = "$(TARGET_NAME)";
				SWIFT_VERSION = 4.0;
				TARGETED_DEVICE_FAMILY = "1,2";
				TEST_HOST = "$(BUILT_PRODUCTS_DIR)/LLW-ELEMENT-SET.app/LLW-ELEMENT-SET";
			};
			name = Debug;
		};
		28F4920A218E7A6000B561D9 /* Release */ = {
			isa = XCBuildConfiguration;
			buildSettings = {
				ALWAYS_EMBED_SWIFT_STANDARD_LIBRARIES = YES;
				BUNDLE_LOADER = "$(TEST_HOST)";
				CODE_SIGN_STYLE = Automatic;
				DEVELOPMENT_TEAM = 6RDBHT79U2;
				INFOPLIST_FILE = "LLW-ELEMENT-SETTests/Info.plist";
				LD_RUNPATH_SEARCH_PATHS = (
					"$(inherited)",
					"@executable_path/Frameworks",
					"@loader_path/Frameworks",
				);
				PRODUCT_BUNDLE_IDENTIFIER = "br.com.edudjr.LLW-ELEMENT-SETTests";
				PRODUCT_NAME = "$(TARGET_NAME)";
				SWIFT_VERSION = 4.0;
				TARGETED_DEVICE_FAMILY = "1,2";
				TEST_HOST = "$(BUILT_PRODUCTS_DIR)/LLW-ELEMENT-SET.app/LLW-ELEMENT-SET";
			};
			name = Release;
		};
/* End XCBuildConfiguration section */

/* Begin XCConfigurationList section */
		28F491E3218E7A5D00B561D9 /* Build configuration list for PBXProject "LLW-ELEMENT-SET" */ = {
			isa = XCConfigurationList;
			buildConfigurations = (
				28F49203218E7A6000B561D9 /* Debug */,
				28F49204218E7A6000B561D9 /* Release */,
			);
			defaultConfigurationIsVisible = 0;
			defaultConfigurationName = Release;
		};
		28F49205218E7A6000B561D9 /* Build configuration list for PBXNativeTarget "LLW-ELEMENT-SET" */ = {
			isa = XCConfigurationList;
			buildConfigurations = (
				28F49206218E7A6000B561D9 /* Debug */,
				28F49207218E7A6000B561D9 /* Release */,
			);
			defaultConfigurationIsVisible = 0;
			defaultConfigurationName = Release;
		};
		28F49208218E7A6000B561D9 /* Build configuration list for PBXNativeTarget "LLW-ELEMENT-SETTests" */ = {
			isa = XCConfigurationList;
			buildConfigurations = (
				28F49209218E7A6000B561D9 /* Debug */,
				28F4920A218E7A6000B561D9 /* Release */,
			);
			defaultConfigurationIsVisible = 0;
			defaultConfigurationName = Release;
		};
/* End XCConfigurationList section */
	};
	rootObject = 28F491E0218E7A5D00B561D9 /* Project object */;
}
